
Microsoft Visual Studio Solution File, Format Version 12.00
# Visual Studio Version 16
VisualStudioVersion = 16.0.31729.503
MinimumVisualStudioVersion = 10.0.40219.1
Project("{FAE04EC0-301F-11D3-BF4B-00C04F79EFBC}") = "DotNetWebSQLExample", "DotNetWebSQLExample\DotNetWebSQLExample.csproj", "{AA02B605-F086-454E-9ECF-ED523516886D}"
EndProject
Global
	GlobalSection(SolutionConfigurationPlatforms) = preSolution
		Debug|Any CPU = Debug|Any CPU
		Release|Any CPU = Release|Any CPU
	EndGlobalSection
	GlobalSection(ProjectConfigurationPlatforms) = postSolution
		{AA02B605-F086-454E-9ECF-ED523516886D}.Debug|Any CPU.ActiveCfg = Debug|Any CPU
		{AA02B605-F086-454E-9ECF-ED523516886D}.Debug|Any CPU.Build.0 = Debug|Any CPU
		{AA02B605-F086-454E-9ECF-ED523516886D}.Release|Any CPU.ActiveCfg = Release|Any CPU
		{AA02B605-F086-454E-9ECF-ED523516886D}.Release|Any CPU.Build.0 = Release|Any CPU
	EndGlobalSection
	GlobalSection(SolutionProperties) = preSolution
		HideSolutionNode = FALSE
	EndGlobalSection
	GlobalSection(ExtensibilityGlobals) = postSolution
		SolutionGuid = {92FCF68F-B462-41E8-997F-8289A8DC7D19}
	EndGlobalSection
EndGlobal
